// !$*UTF8*$!
{
	archiveVersion = 1;
	classes = {
	};
	objectVersion = 56;
	objects = {

/* Begin PBXBuildFile section */
		8328212B2B81C8350042E4BC /* activity.swift in Sources */ = {isa = PBXBuildFile; fileRef = 8328212A2B81C8350042E4BC /* activity.swift */; };
		83A4887F2B815FB4004D6678 /* treehacks24App.swift in Sources */ = {isa = PBXBuildFile; fileRef = 83A4887E2B815FB4004D6678 /* treehacks24App.swift */; };
		83A488812B815FB4004D6678 /* ContentView.swift in Sources */ = {isa = PBXBuildFile; fileRef = 83A488802B815FB4004D6678 /* ContentView.swift */; };
		83A488832B815FB6004D6678 /* Assets.xcassets in Resources */ = {isa = PBXBuildFile; fileRef = 83A488822B815FB6004D6678 /* Assets.xcassets */; };
		83A488862B815FB6004D6678 /* Preview Assets.xcassets in Resources */ = {isa = PBXBuildFile; fileRef = 83A488852B815FB6004D6678 /* Preview Assets.xcassets */; };
		C04CB38A2B81EF0200B5AB1D /* browse.swift in Sources */ = {isa = PBXBuildFile; fileRef = C04CB3892B81EF0200B5AB1D /* browse.swift */; };
		C0D96F5C2B816CE5002F0105 /* SignUpForm.swift in Sources */ = {isa = PBXBuildFile; fileRef = C0D96F5B2B816CE5002F0105 /* SignUpForm.swift */; };
		C0D96F5E2B816D28002F0105 /* LogInForm.swift in Sources */ = {isa = PBXBuildFile; fileRef = C0D96F5D2B816D28002F0105 /* LogInForm.swift */; };
		C0D96F602B816E26002F0105 /* InputFieldView.swift in Sources */ = {isa = PBXBuildFile; fileRef = C0D96F5F2B816E26002F0105 /* InputFieldView.swift */; };
		C0D96F622B8179CE002F0105 /* groceryList.swift in Sources */ = {isa = PBXBuildFile; fileRef = C0D96F612B8179CE002F0105 /* groceryList.swift */; };
		C0D96F662B81884D002F0105 /* TabView.swift in Sources */ = {isa = PBXBuildFile; fileRef = C0D96F652B81884D002F0105 /* TabView.swift */; };
		C614AF3E2B81BE160044795C /* AccountView.swift in Sources */ = {isa = PBXBuildFile; fileRef = C614AF3D2B81BE160044795C /* AccountView.swift */; };
/* End PBXBuildFile section */

/* Begin PBXFileReference section */
		8328212A2B81C8350042E4BC /* activity.swift */ = {isa = PBXFileReference; lastKnownFileType = sourcecode.swift; path = activity.swift; sourceTree = "<group>"; };
		83A4887B2B815FB4004D6678 /* treehacks24.app */ = {isa = PBXFileReference; explicitFileType = wrapper.application; includeInIndex = 0; path = treehacks24.app; sourceTree = BUILT_PRODUCTS_DIR; };
		83A4887E2B815FB4004D6678 /* treehacks24App.swift */ = {isa = PBXFileReference; lastKnownFileType = sourcecode.swift; path = treehacks24App.swift; sourceTree = "<group>"; };
		83A488802B815FB4004D6678 /* ContentView.swift */ = {isa = PBXFileReference; lastKnownFileType = sourcecode.swift; path = ContentView.swift; sourceTree = "<group>"; };
		83A488822B815FB6004D6678 /* Assets.xcassets */ = {isa = PBXFileReference; lastKnownFileType = folder.assetcatalog; path = Assets.xcassets; sourceTree = "<group>"; };
		83A488852B815FB6004D6678 /* Preview Assets.xcassets */ = {isa = PBXFileReference; lastKnownFileType = folder.assetcatalog; path = "Preview Assets.xcassets"; sourceTree = "<group>"; };
		C04CB3892B81EF0200B5AB1D /* browse.swift */ = {isa = PBXFileReference; lastKnownFileType = sourcecode.swift; path = browse.swift; sourceTree = "<group>"; };
		C0D96F5B2B816CE5002F0105 /* SignUpForm.swift */ = {isa = PBXFileReference; lastKnownFileType = sourcecode.swift; path = SignUpForm.swift; sourceTree = "<group>"; };
		C0D96F5D2B816D28002F0105 /* LogInForm.swift */ = {isa = PBXFileReference; lastKnownFileType = sourcecode.swift; path = LogInForm.swift; sourceTree = "<group>"; };
		C0D96F5F2B816E26002F0105 /* InputFieldView.swift */ = {isa = PBXFileReference; lastKnownFileType = sourcecode.swift; path = InputFieldView.swift; sourceTree = "<group>"; };
		C0D96F612B8179CE002F0105 /* groceryList.swift */ = {isa = PBXFileReference; lastKnownFileType = sourcecode.swift; path = groceryList.swift; sourceTree = "<group>"; };
		C0D96F652B81884D002F0105 /* TabView.swift */ = {isa = PBXFileReference; lastKnownFileType = sourcecode.swift; path = TabView.swift; sourceTree = "<group>"; };
		C614AF3D2B81BE160044795C /* AccountView.swift */ = {isa = PBXFileReference; lastKnownFileType = sourcecode.swift; path = AccountView.swift; sourceTree = "<group>"; };
/* End PBXFileReference section */

/* Begin PBXFrameworksBuildPhase section */
		83A488782B815FB4004D6678 /* Frameworks */ = {
			isa = PBXFrameworksBuildPhase;
			buildActionMask = 2147483647;
			files = (
			);
			runOnlyForDeploymentPostprocessing = 0;
		};
/* End PBXFrameworksBuildPhase section */

/* Begin PBXGroup section */
		83A488722B815FB4004D6678 = {
			isa = PBXGroup;
			children = (
				83A4887D2B815FB4004D6678 /* treehacks24 */,
				83A4887C2B815FB4004D6678 /* Products */,
			);
			sourceTree = "<group>";
		};
		83A4887C2B815FB4004D6678 /* Products */ = {
			isa = PBXGroup;
			children = (
				83A4887B2B815FB4004D6678 /* treehacks24.app */,
			);
			name = Products;
			sourceTree = "<group>";
		};
		83A4887D2B815FB4004D6678 /* treehacks24 */ = {
			isa = PBXGroup;
			children = (
				83A4887E2B815FB4004D6678 /* treehacks24App.swift */,
				83A488802B815FB4004D6678 /* ContentView.swift */,
				C0D96F5B2B816CE5002F0105 /* SignUpForm.swift */,
				C0D96F5D2B816D28002F0105 /* LogInForm.swift */,
				8328212A2B81C8350042E4BC /* activity.swift */,
				C0D96F5F2B816E26002F0105 /* InputFieldView.swift */,
				C0D96F612B8179CE002F0105 /* groceryList.swift */,
				C04CB3892B81EF0200B5AB1D /* browse.swift */,
				C0D96F652B81884D002F0105 /* TabView.swift */,
				C614AF3D2B81BE160044795C /* AccountView.swift */,
				83A488822B815FB6004D6678 /* Assets.xcassets */,
				83A488842B815FB6004D6678 /* Preview Content */,
			);
			path = treehacks24;
			sourceTree = "<group>";
		};
		83A488842B815FB6004D6678 /* Preview Content */ = {
			isa = PBXGroup;
			children = (
				83A488852B815FB6004D6678 /* Preview Assets.xcassets */,
			);
			path = "Preview Content";
			sourceTree = "<group>";
		};
/* End PBXGroup section */

/* Begin PBXNativeTarget section */
		83A4887A2B815FB4004D6678 /* treehacks24 */ = {
			isa = PBXNativeTarget;
			buildConfigurationList = 83A488892B815FB6004D6678 /* Build configuration list for PBXNativeTarget "treehacks24" */;
			buildPhases = (
				83A488772B815FB4004D6678 /* Sources */,
				83A488782B815FB4004D6678 /* Frameworks */,
				83A488792B815FB4004D6678 /* Resources */,
			);
			buildRules = (
			);
			dependencies = (
			);
			name = treehacks24;
			productName = treehacks24;
			productReference = 83A4887B2B815FB4004D6678 /* treehacks24.app */;
			productType = "com.apple.product-type.application";
		};
/* End PBXNativeTarget section */

/* Begin PBXProject section */
		83A488732B815FB4004D6678 /* Project object */ = {
			isa = PBXProject;
			attributes = {
				BuildIndependentTargetsInParallel = 1;
				LastSwiftUpdateCheck = 1520;
				LastUpgradeCheck = 1520;
				TargetAttributes = {
					83A4887A2B815FB4004D6678 = {
						CreatedOnToolsVersion = 15.2;
					};
				};
			};
			buildConfigurationList = 83A488762B815FB4004D6678 /* Build configuration list for PBXProject "treehacks24" */;
			compatibilityVersion = "Xcode 14.0";
			developmentRegion = en;
			hasScannedForEncodings = 0;
			knownRegions = (
				en,
				Base,
			);
			mainGroup = 83A488722B815FB4004D6678;
			productRefGroup = 83A4887C2B815FB4004D6678 /* Products */;
			projectDirPath = "";
			projectRoot = "";
			targets = (
				83A4887A2B815FB4004D6678 /* treehacks24 */,
			);
		};
/* End PBXProject section */

/* Begin PBXResourcesBuildPhase section */
		83A488792B815FB4004D6678 /* Resources */ = {
			isa = PBXResourcesBuildPhase;
			buildActionMask = 2147483647;
			files = (
				83A488862B815FB6004D6678 /* Preview Assets.xcassets in Resources */,
				83A488832B815FB6004D6678 /* Assets.xcassets in Resources */,
			);
			runOnlyForDeploymentPostprocessing = 0;
		};
/* End PBXResourcesBuildPhase section */

/* Begin PBXSourcesBuildPhase section */
		83A488772B815FB4004D6678 /* Sources */ = {
			isa = PBXSourcesBuildPhase;
			buildActionMask = 2147483647;
			files = (
				83A488812B815FB4004D6678 /* ContentView.swift in Sources */,
				C0D96F5E2B816D28002F0105 /* LogInForm.swift in Sources */,
				C0D96F602B816E26002F0105 /* InputFieldView.swift in Sources */,
				C04CB38A2B81EF0200B5AB1D /* browse.swift in Sources */,
				C0D96F5C2B816CE5002F0105 /* SignUpForm.swift in Sources */,
				C614AF3E2B81BE160044795C /* AccountView.swift in Sources */,
				8328212B2B81C8350042E4BC /* activity.swift in Sources */,
				C0D96F662B81884D002F0105 /* TabView.swift in Sources */,
				83A4887F2B815FB4004D6678 /* treehacks24App.swift in Sources */,
				C0D96F622B8179CE002F0105 /* groceryList.swift in Sources */,
			);
			runOnlyForDeploymentPostprocessing = 0;
		};
/* End PBXSourcesBuildPhase section */

/* Begin XCBuildConfiguration section */
		83A488872B815FB6004D6678 /* Debug */ = {
			isa = XCBuildConfiguration;
			buildSettings = {
				ALWAYS_SEARCH_USER_PATHS = NO;
				ASSETCATALOG_COMPILER_GENERATE_SWIFT_ASSET_SYMBOL_EXTENSIONS = YES;
				CLANG_ANALYZER_NONNULL = YES;
				CLANG_ANALYZER_NUMBER_OBJECT_CONVERSION = YES_AGGRESSIVE;
				CLANG_CXX_LANGUAGE_STANDARD = "gnu++20";
				CLANG_ENABLE_MODULES = YES;
				CLANG_ENABLE_OBJC_ARC = YES;
				CLANG_ENABLE_OBJC_WEAK = YES;
				CLANG_WARN_BLOCK_CAPTURE_AUTORELEASING = YES;
				CLANG_WARN_BOOL_CONVERSION = YES;
				CLANG_WARN_COMMA = YES;
				CLANG_WARN_CONSTANT_CONVERSION = YES;
				CLANG_WARN_DEPRECATED_OBJC_IMPLEMENTATIONS = YES;
				CLANG_WARN_DIRECT_OBJC_ISA_USAGE = YES_ERROR;
				CLANG_WARN_DOCUMENTATION_COMMENTS = YES;
				CLANG_WARN_EMPTY_BODY = YES;
				CLANG_WARN_ENUM_CONVERSION = YES;
				CLANG_WARN_INFINITE_RECURSION = YES;
				CLANG_WARN_INT_CONVERSION = YES;
				CLANG_WARN_NON_LITERAL_NULL_CONVERSION = YES;
				CLANG_WARN_OBJC_IMPLICIT_RETAIN_SELF = YES;
				CLANG_WARN_OBJC_LITERAL_CONVERSION = YES;
				CLANG_WARN_OBJC_ROOT_CLASS = YES_ERROR;
				CLANG_WARN_QUOTED_INCLUDE_IN_FRAMEWORK_HEADER = YES;
				CLANG_WARN_RANGE_LOOP_ANALYSIS = YES;
				CLANG_WARN_STRICT_PROTOTYPES = YES;
				CLANG_WARN_SUSPICIOUS_MOVE = YES;
				CLANG_WARN_UNGUARDED_AVAILABILITY = YES_AGGRESSIVE;
				CLANG_WARN_UNREACHABLE_CODE = YES;
				CLANG_WARN__DUPLICATE_METHOD_MATCH = YES;
				COPY_PHASE_STRIP = NO;
				DEBUG_INFORMATION_FORMAT = dwarf;
				ENABLE_STRICT_OBJC_MSGSEND = YES;
				ENABLE_TESTABILITY = YES;
				ENABLE_USER_SCRIPT_SANDBOXING = YES;
				GCC_C_LANGUAGE_STANDARD = gnu17;
				GCC_DYNAMIC_NO_PIC = NO;
				GCC_NO_COMMON_BLOCKS = YES;
				GCC_OPTIMIZATION_LEVEL = 0;
				GCC_PREPROCESSOR_DEFINITIONS = (
					"DEBUG=1",
					"$(inherited)",
				);
				GCC_WARN_64_TO_32_BIT_CONVERSION = YES;
				GCC_WARN_ABOUT_RETURN_TYPE = YES_ERROR;
				GCC_WARN_UNDECLARED_SELECTOR = YES;
				GCC_WARN_UNINITIALIZED_AUTOS = YES_AGGRESSIVE;
				GCC_WARN_UNUSED_FUNCTION = YES;
				GCC_WARN_UNUSED_VARIABLE = YES;
				IPHONEOS_DEPLOYMENT_TARGET = 17.2;
				LOCALIZATION_PREFERS_STRING_CATALOGS = YES;
				MTL_ENABLE_DEBUG_INFO = INCLUDE_SOURCE;
				MTL_FAST_MATH = YES;
				ONLY_ACTIVE_ARCH = YES;
				SDKROOT = iphoneos;
				SWIFT_ACTIVE_COMPILATION_CONDITIONS = "DEBUG $(inherited)";
				SWIFT_OPTIMIZATION_LEVEL = "-Onone";
			};
			name = Debug;
		};
		83A488882B815FB6004D6678 /* Release */ = {
			isa = XCBuildConfiguration;
			buildSettings = {
				ALWAYS_SEARCH_USER_PATHS = NO;
				ASSETCATALOG_COMPILER_GENERATE_SWIFT_ASSET_SYMBOL_EXTENSIONS = YES;
				CLANG_ANALYZER_NONNULL = YES;
				CLANG_ANALYZER_NUMBER_OBJECT_CONVERSION = YES_AGGRESSIVE;
				CLANG_CXX_LANGUAGE_STANDARD = "gnu++20";
				CLANG_ENABLE_MODULES = YES;
				CLANG_ENABLE_OBJC_ARC = YES;
				CLANG_ENABLE_OBJC_WEAK = YES;
				CLANG_WARN_BLOCK_CAPTURE_AUTORELEASING = YES;
				CLANG_WARN_BOOL_CONVERSION = YES;
				CLANG_WARN_COMMA = YES;
				CLANG_WARN_CONSTANT_CONVERSION = YES;
				CLANG_WARN_DEPRECATED_OBJC_IMPLEMENTATIONS = YES;
				CLANG_WARN_DIRECT_OBJC_ISA_USAGE = YES_ERROR;
				CLANG_WARN_DOCUMENTATION_COMMENTS = YES;
				CLANG_WARN_EMPTY_BODY = YES;
				CLANG_WARN_ENUM_CONVERSION = YES;
				CLANG_WARN_INFINITE_RECURSION = YES;
				CLANG_WARN_INT_CONVERSION = YES;
				CLANG_WARN_NON_LITERAL_NULL_CONVERSION = YES;
				CLANG_WARN_OBJC_IMPLICIT_RETAIN_SELF = YES;
				CLANG_WARN_OBJC_LITERAL_CONVERSION = YES;
				CLANG_WARN_OBJC_ROOT_CLASS = YES_ERROR;
				CLANG_WARN_QUOTED_INCLUDE_IN_FRAMEWORK_HEADER = YES;
				CLANG_WARN_RANGE_LOOP_ANALYSIS = YES;
				CLANG_WARN_STRICT_PROTOTYPES = YES;
				CLANG_WARN_SUSPICIOUS_MOVE = YES;
				CLANG_WARN_UNGUARDED_AVAILABILITY = YES_AGGRESSIVE;
				CLANG_WARN_UNREACHABLE_CODE = YES;
				CLANG_WARN__DUPLICATE_METHOD_MATCH = YES;
				COPY_PHASE_STRIP = NO;
				DEBUG_INFORMATION_FORMAT = "dwarf-with-dsym";
				ENABLE_NS_ASSERTIONS = NO;
				ENABLE_STRICT_OBJC_MSGSEND = YES;
				ENABLE_USER_SCRIPT_SANDBOXING = YES;
				GCC_C_LANGUAGE_STANDARD = gnu17;
				GCC_NO_COMMON_BLOCKS = YES;
				GCC_WARN_64_TO_32_BIT_CONVERSION = YES;
				GCC_WARN_ABOUT_RETURN_TYPE = YES_ERROR;
				GCC_WARN_UNDECLARED_SELECTOR = YES;
				GCC_WARN_UNINITIALIZED_AUTOS = YES_AGGRESSIVE;
				GCC_WARN_UNUSED_FUNCTION = YES;
				GCC_WARN_UNUSED_VARIABLE = YES;
				IPHONEOS_DEPLOYMENT_TARGET = 17.2;
				LOCALIZATION_PREFERS_STRING_CATALOGS = YES;
				MTL_ENABLE_DEBUG_INFO = NO;
				MTL_FAST_MATH = YES;
				SDKROOT = iphoneos;
				SWIFT_COMPILATION_MODE = wholemodule;
				VALIDATE_PRODUCT = YES;
			};
			name = Release;
		};
		83A4888A2B815FB6004D6678 /* Debug */ = {
			isa = XCBuildConfiguration;
			buildSettings = {
				ASSETCATALOG_COMPILER_APPICON_NAME = AppIcon;
				ASSETCATALOG_COMPILER_GLOBAL_ACCENT_COLOR_NAME = AccentColor;
				CODE_SIGN_STYLE = Automatic;
				CURRENT_PROJECT_VERSION = 1;
				DEVELOPMENT_ASSET_PATHS = "\"treehacks24/Preview Content\"";
				DEVELOPMENT_TEAM = S83PGT56SL;
				ENABLE_PREVIEWS = YES;
				GENERATE_INFOPLIST_FILE = YES;
				INFOPLIST_KEY_UIApplicationSceneManifest_Generation = YES;
				INFOPLIST_KEY_UIApplicationSupportsIndirectInputEvents = YES;
				INFOPLIST_KEY_UILaunchScreen_Generation = YES;
				INFOPLIST_KEY_UISupportedInterfaceOrientations_iPad = "UIInterfaceOrientationPortrait UIInterfaceOrientationPortraitUpsideDown UIInterfaceOrientationLandscapeLeft UIInterfaceOrientationLandscapeRight";
				INFOPLIST_KEY_UISupportedInterfaceOrientations_iPhone = "UIInterfaceOrientationPortrait UIInterfaceOrientationLandscapeLeft UIInterfaceOrientationLandscapeRight";
				LD_RUNPATH_SEARCH_PATHS = (
					"$(inherited)",
					"@executable_path/Frameworks",
				);
				MARKETING_VERSION = 1.0;
				PRODUCT_BUNDLE_IDENTIFIER = ae.treehacks24;
				PRODUCT_NAME = "$(TARGET_NAME)";
				SWIFT_EMIT_LOC_STRINGS = YES;
				SWIFT_VERSION = 5.0;
				TARGETED_DEVICE_FAMILY = "1,2";
			};
			name = Debug;
		};
		83A4888B2B815FB6004D6678 /* Release */ = {
			isa = XCBuildConfiguration;
			buildSettings = {
				ASSETCATALOG_COMPILER_APPICON_NAME = AppIcon;
				ASSETCATALOG_COMPILER_GLOBAL_ACCENT_COLOR_NAME = AccentColor;
				CODE_SIGN_STYLE = Automatic;
				CURRENT_PROJECT_VERSION = 1;
				DEVELOPMENT_ASSET_PATHS = "\"treehacks24/Preview Content\"";
				DEVELOPMENT_TEAM = S83PGT56SL;
				ENABLE_PREVIEWS = YES;
				GENERATE_INFOPLIST_FILE = YES;
				INFOPLIST_KEY_UIApplicationSceneManifest_Generation = YES;
				INFOPLIST_KEY_UIApplicationSupportsIndirectInputEvents = YES;
				INFOPLIST_KEY_UILaunchScreen_Generation = YES;
				INFOPLIST_KEY_UISupportedInterfaceOrientations_iPad = "UIInterfaceOrientationPortrait UIInterfaceOrientationPortraitUpsideDown UIInterfaceOrientationLandscapeLeft UIInterfaceOrientationLandscapeRight";
				INFOPLIST_KEY_UISupportedInterfaceOrientations_iPhone = "UIInterfaceOrientationPortrait UIInterfaceOrientationLandscapeLeft UIInterfaceOrientationLandscapeRight";
				LD_RUNPATH_SEARCH_PATHS = (
					"$(inherited)",
					"@executable_path/Frameworks",
				);
				MARKETING_VERSION = 1.0;
				PRODUCT_BUNDLE_IDENTIFIER = ae.treehacks24;
				PRODUCT_NAME = "$(TARGET_NAME)";
				SWIFT_EMIT_LOC_STRINGS = YES;
				SWIFT_VERSION = 5.0;
				TARGETED_DEVICE_FAMILY = "1,2";
			};
			name = Release;
		};
/* End XCBuildConfiguration section */

/* Begin XCConfigurationList section */
		83A488762B815FB4004D6678 /* Build configuration list for PBXProject "treehacks24" */ = {
			isa = XCConfigurationList;
			buildConfigurations = (
				83A488872B815FB6004D6678 /* Debug */,
				83A488882B815FB6004D6678 /* Release */,
			);
			defaultConfigurationIsVisible = 0;
			defaultConfigurationName = Release;
		};
		83A488892B815FB6004D6678 /* Build configuration list for PBXNativeTarget "treehacks24" */ = {
			isa = XCConfigurationList;
			buildConfigurations = (
				83A4888A2B815FB6004D6678 /* Debug */,
				83A4888B2B815FB6004D6678 /* Release */,
			);
			defaultConfigurationIsVisible = 0;
			defaultConfigurationName = Release;
		};
/* End XCConfigurationList section */
	};
	rootObject = 83A488732B815FB4004D6678 /* Project object */;
}
